{
  "nodes": {
    "home-manager": {
      "inputs": {
        "nixpkgs": [
          "nixpkgs"
        ],
        "utils": "utils"
      },
      "locked": {
        "lastModified": 1665119273,
        "narHash": "sha256-neL/ZRrwk47Ke1nfjk8ltlIm+NRZyA3MBcNbqEGSBeE=",
        "owner": "nix-community",
        "repo": "home-manager",
        "rev": "9fcae11ff29ca5f959b05c206f3724486c28ff07",
        "type": "github"
      },
      "original": {
        "owner": "nix-community",
        "repo": "home-manager",
        "type": "github"
      }
    },
    "mafredri-zsh-async": {
      "flake": false,
      "locked": {
        "lastModified": 1633428906,
        "narHash": "sha256-3hhZXL8/Ml7UlkkHBPpS5NfUGB5BqgO95UvtpptXf8E=",
        "owner": "mafredri",
        "repo": "zsh-async",
        "rev": "3ba6e2d1ea874bfb6badb8522ab86c1ae272923d",
        "type": "github"
      },
      "original": {
        "owner": "mafredri",
        "repo": "zsh-async",
        "type": "github"
      }
    },
    "nix-index-database": {
      "locked": {
        "lastModified": 1664685755,
        "narHash": "sha256-EhkTo487GOe3ZblevrtHPdn15+vmMUx5QScFRG5mtwA=",
        "owner": "Mic92",
        "repo": "nix-index-database",
        "rev": "6ce349ef8a0ce38123f6e7b19995e2da1e2609c2",
        "type": "github"
      },
      "original": {
        "owner": "Mic92",
        "repo": "nix-index-database",
        "type": "github"
      }
    },
    "nixpkgs": {
      "locked": {
        "lastModified": 1664989420,
        "narHash": "sha256-Q8IxomUjjmewsoJgO3htkXLfCckQ7HkDJ/ZhdYVf/fA=",
        "owner": "nixos",
        "repo": "nixpkgs",
        "rev": "37bd39839acf99c5b738319f42478296f827f274",
        "type": "github"
      },
      "original": {
        "owner": "nixos",
        "ref": "nixos-unstable",
        "repo": "nixpkgs",
        "type": "github"
      }
    },
    "root": {
      "inputs": {
        "home-manager": "home-manager",
        "mafredri-zsh-async": "mafredri-zsh-async",
        "nix-index-database": "nix-index-database",
        "nixpkgs": "nixpkgs"
      }
    },
    "utils": {
      "locked": {
        "lastModified": 1659877975,
        "narHash": "sha256-zllb8aq3YO3h8B/U0/J1WBgAL8EX5yWf5pMj3G0NAmc=",
        "owner": "numtide",
        "repo": "flake-utils",
        "rev": "c0e246b9b83f637f4681389ecabcb2681b4f3af0",
        "type": "github"
      },
      "original": {
        "owner": "numtide",
        "repo": "flake-utils",
        "type": "github"
      }
    }
  },
  "root": "root",
  "version": 7
}
